
Microsoft Visual Studio Solution File, Format Version 12.00
# Visual Studio 15
VisualStudioVersion = 15.0.28307.1500
MinimumVisualStudioVersion = 10.0.40219.1
Project("{FAE04EC0-301F-11D3-BF4B-00C04F79EFBC}") = "Primeiros_Exercicios_2", "Primeiros_Exercicios_2\Primeiros_Exercicios_2.csproj", "{B6A7C34F-DF87-49F4-9D8C-A9835E00C4BC}"
EndProject
Global
	GlobalSection(SolutionConfigurationPlatforms) = preSolution
		Debug|Any CPU = Debug|Any CPU
		Release|Any CPU = Release|Any CPU
	EndGlobalSection
	GlobalSection(ProjectConfigurationPlatforms) = postSolution
		{B6A7C34F-DF87-49F4-9D8C-A9835E00C4BC}.Debug|Any CPU.ActiveCfg = Debug|Any CPU
		{B6A7C34F-DF87-49F4-9D8C-A9835E00C4BC}.Debug|Any CPU.Build.0 = Debug|Any CPU
		{B6A7C34F-DF87-49F4-9D8C-A9835E00C4BC}.Release|Any CPU.ActiveCfg = Release|Any CPU
		{B6A7C34F-DF87-49F4-9D8C-A9835E00C4BC}.Release|Any CPU.Build.0 = Release|Any CPU
	EndGlobalSection
	GlobalSection(SolutionProperties) = preSolution
		HideSolutionNode = FALSE
	EndGlobalSection
	GlobalSection(ExtensibilityGlobals) = postSolution
		SolutionGuid = {2E4ADA63-506A-48FC-B96D-8D3469AFA964}
	EndGlobalSection
EndGlobal
